// !$*UTF8*$!
{
	archiveVersion = 1;
	classes = {
	};
	objectVersion = 46;
	objects = {

/* Begin PBXBuildFile section */
		0207DA581B56EA530066E2B4 /* Images.xcassets in Resources */ = {isa = PBXBuildFile; fileRef = 0207DA571B56EA530066E2B4 /* Images.xcassets */; };
		114B71F0365543089BEC8559 /* CDVSplashScreen.m in Sources */ = {isa = PBXBuildFile; fileRef = 927AE9C593494AFEA4C5C95B /* CDVSplashScreen.m */; };
		11A06EE184C44996A4249DDD /* SecureStorage.m in Sources */ = {isa = PBXBuildFile; fileRef = 2AC40EDFFAE045588FD70D4D /* SecureStorage.m */; };
		16CFD5F7BDF54C3795AD003C /* CDVGlobalization.m in Sources */ = {isa = PBXBuildFile; fileRef = 421114636ADE433D9BADCA5A /* CDVGlobalization.m */; };
		1D3623260D0F684500981E51 /* AppDelegate.m in Sources */ = {isa = PBXBuildFile; fileRef = 1D3623250D0F684500981E51 /* AppDelegate.m */; };
		1D60589B0D05DD56006BFB54 /* main.m in Sources */ = {isa = PBXBuildFile; fileRef = 29B97316FDCFA39411CA2CEA /* main.m */; };
		20DECE09E44C46DDB95948CA /* Speech.framework in Frameworks */ = {isa = PBXBuildFile; fileRef = 54BF6B8F67CE48D99105728F /* Speech.framework */; };
		25761C7B00D34AB2A9BE1631 /* SAMKeychain.bundle in Resources */ = {isa = PBXBuildFile; fileRef = 59BB1398A8264526B905171A /* SAMKeychain.bundle */; };
		25AC745A0319474588CB9B0A /* CDVConnection.m in Sources */ = {isa = PBXBuildFile; fileRef = 67E124F86D6B4522ACA56BC0 /* CDVConnection.m */; };
		301BF552109A68D80062928A /* libCordova.a in Frameworks */ = {isa = PBXBuildFile; fileRef = 301BF535109A57CC0062928A /* libCordova.a */; };
		302D95F114D2391D003F00A1 /* MainViewController.m in Sources */ = {isa = PBXBuildFile; fileRef = 302D95EF14D2391D003F00A1 /* MainViewController.m */; };
		302D95F214D2391D003F00A1 /* MainViewController.xib in Resources */ = {isa = PBXBuildFile; fileRef = 302D95F014D2391D003F00A1 /* MainViewController.xib */; };
		3E009C0599DE403FA1DF2F18 /* CDVFile.m in Sources */ = {isa = PBXBuildFile; fileRef = 054EDD347D4A47999977F9D9 /* CDVFile.m */; };
		4224B74E4E6549689A21279D /* CDVStatusBar.m in Sources */ = {isa = PBXBuildFile; fileRef = 5885FBF5DE8E4DDEAB56690A /* CDVStatusBar.m */; };
		46CEFE8778DB4DCFB3D3B73A /* CDVViewController+SplashScreen.m in Sources */ = {isa = PBXBuildFile; fileRef = 9DB1C5F0F2A64EFD84A538ED /* CDVViewController+SplashScreen.m */; };
		4E3310672EFF4619998F4DE6 /* SAMKeychainQuery.m in Sources */ = {isa = PBXBuildFile; fileRef = 0451531364214CE0B401D6D5 /* SAMKeychainQuery.m */; };
		57AAE04A259F4AE787A7EFFB /* CDVCapture.m in Sources */ = {isa = PBXBuildFile; fileRef = 82CBAC37811A41E981DCBC8D /* CDVCapture.m */; };
		5DB068B419FC468193FA22EF /* CDVLocalFilesystem.m in Sources */ = {isa = PBXBuildFile; fileRef = E1B3BB97E55F408BA8219BE3 /* CDVLocalFilesystem.m */; };
		63B71FF64780411E9447B9CB /* CDVCapture.bundle in Resources */ = {isa = PBXBuildFile; fileRef = F4E72D54931F4CE3ABE4C469 /* CDVCapture.bundle */; };
		6AFF5BF91D6E424B00AB3073 /* CDVLaunchScreen.storyboard in Resources */ = {isa = PBXBuildFile; fileRef = 6AFF5BF81D6E424B00AB3073 /* CDVLaunchScreen.storyboard */; };
		85A2ABD4B3D840DF9325A8D3 /* CDVAssetLibraryFilesystem.m in Sources */ = {isa = PBXBuildFile; fileRef = 6496C05CF9AD446DB2218164 /* CDVAssetLibraryFilesystem.m */; };
		99E36883EF4441AD99816F3B /* CoreLocation.framework in Frameworks */ = {isa = PBXBuildFile; fileRef = 03A8ACEABF7143D6B67A0B18 /* CoreLocation.framework */; };
		9AA373A5E56A43248723B2FF /* CDVInAppBrowser.m in Sources */ = {isa = PBXBuildFile; fileRef = B6DA030348C24E4CBE8152EB /* CDVInAppBrowser.m */; };
		9DE0C7A214BE486F8753EC9A /* CDVLocation.m in Sources */ = {isa = PBXBuildFile; fileRef = B021439F646D40C8B12D3CD5 /* CDVLocation.m */; };
		AA4C314436E54923BB1AB754 /* SpeechRecognition.m in Sources */ = {isa = PBXBuildFile; fileRef = B26126563EB8459B95E6803A /* SpeechRecognition.m */; };
		AAD6B706FD6241C2A69368CA /* CoreTelephony.framework in Frameworks */ = {isa = PBXBuildFile; fileRef = 84801E672E304C1FA15DE50E /* CoreTelephony.framework */; };
		C4639F054D5B484B9A823B4C /* SystemConfiguration.framework in Frameworks */ = {isa = PBXBuildFile; fileRef = FA83DF9AA3744D719519CBC8 /* SystemConfiguration.framework */; settings = {ATTRIBUTES = (Weak, ); }; };
		D81C183B21404B938E2734D8 /* AVFoundation.framework in Frameworks */ = {isa = PBXBuildFile; fileRef = 08D135F915594B78B4FA46DF /* AVFoundation.framework */; };
		DDAF38A476F24A3C9F99FE1F /* CDVFileTransfer.m in Sources */ = {isa = PBXBuildFile; fileRef = A0029F0371D64FB8A724A4B1 /* CDVFileTransfer.m */; };
		E32ABB69F93341A88F31F83B /* CDVSound.m in Sources */ = {isa = PBXBuildFile; fileRef = 7601D43BB4034177B07FA649 /* CDVSound.m */; };
		E5EBDC4802E6436387323E4F /* SAMKeychain.m in Sources */ = {isa = PBXBuildFile; fileRef = 6FD0047A196E439096ECA8C4 /* SAMKeychain.m */; };
		EAEF5345194D4F2C9D6C383E /* CDVReachability.m in Sources */ = {isa = PBXBuildFile; fileRef = E75CC93B95FD425D9BE3428A /* CDVReachability.m */; };
		EB65BEF4783E449287989AEB /* CDVLogger.m in Sources */ = {isa = PBXBuildFile; fileRef = 43000180F5F94101B716C071 /* CDVLogger.m */; };
		EECB7BE5CD924012A07D8E3F /* CDVJpegHeaderWriter.m in Sources */ = {isa = PBXBuildFile; fileRef = 534BF16AB2B94B5B9EBEB903 /* CDVJpegHeaderWriter.m */; };
		F46C64F5FE804D3DBCD63F83 /* APPPrinter.m in Sources */ = {isa = PBXBuildFile; fileRef = 24B61BCDD01141898937E417 /* APPPrinter.m */; };
		F70B4E6886AF49739497CF25 /* ImageIO.framework in Frameworks */ = {isa = PBXBuildFile; fileRef = 4BBF3D24B37C4F48B76E803E /* ImageIO.framework */; settings = {ATTRIBUTES = (Weak, ); }; };
		FBCA373758E5431BAE0F76F1 /* UIImage+CropScaleOrientation.m in Sources */ = {isa = PBXBuildFile; fileRef = 5ED059E214C54723B1EFD81E /* UIImage+CropScaleOrientation.m */; };
		FCCA6A187DEB4A54BA45FCE4 /* CDVCamera.m in Sources */ = {isa = PBXBuildFile; fileRef = B68D1D03E11E40338D9F273E /* CDVCamera.m */; };
		FEBF2A6B486F40C590FE2960 /* Security.framework in Frameworks */ = {isa = PBXBuildFile; fileRef = 725E8BEEED734B31A38A0490 /* Security.framework */; };
/* End PBXBuildFile section */

/* Begin PBXContainerItemProxy section */
		301BF534109A57CC0062928A /* PBXContainerItemProxy */ = {
			isa = PBXContainerItemProxy;
			containerPortal = 301BF52D109A57CC0062928A /* CordovaLib/CordovaLib.xcodeproj */;
			proxyType = 2;
			remoteGlobalIDString = D2AAC07E0554694100DB518D;
			remoteInfo = CordovaLib;
		};
		301BF550109A68C00062928A /* PBXContainerItemProxy */ = {
			isa = PBXContainerItemProxy;
			containerPortal = 301BF52D109A57CC0062928A /* CordovaLib/CordovaLib.xcodeproj */;
			proxyType = 1;
			remoteGlobalIDString = D2AAC07D0554694100DB518D;
			remoteInfo = CordovaLib;
		};
		8416907B1F039F6F00D921B9 /* PBXContainerItemProxy */ = {
			isa = PBXContainerItemProxy;
			containerPortal = 301BF52D109A57CC0062928A /* CordovaLib/CordovaLib.xcodeproj */;
			proxyType = 2;
			remoteGlobalIDString = C0C01EB21E3911D50056E6CB;
			remoteInfo = Cordova;
		};
/* End PBXContainerItemProxy section */

/* Begin PBXFileReference section */
		0207DA571B56EA530066E2B4 /* Images.xcassets */ = {isa = PBXFileReference; lastKnownFileType = folder.assetcatalog; name = Images.xcassets; path = Cornerstone/Images.xcassets; sourceTree = SOURCE_ROOT; };
		03A8ACEABF7143D6B67A0B18 /* CoreLocation.framework */ = {isa = PBXFileReference; explicitFileType = undefined; fileEncoding = 9; includeInIndex = 0; lastKnownFileType = wrapper.framework; name = CoreLocation.framework; path = System/Library/Frameworks/CoreLocation.framework; sourceTree = SDKROOT; };
		03F7E113B38D4C8AB6E95732 /* CDVConnection.h */ = {isa = PBXFileReference; explicitFileType = undefined; fileEncoding = 4; includeInIndex = 0; lastKnownFileType = sourcecode.c.h; name = CDVConnection.h; path = "cordova-plugin-network-information/CDVConnection.h"; sourceTree = "<group>"; };
		0451531364214CE0B401D6D5 /* SAMKeychainQuery.m */ = {isa = PBXFileReference; explicitFileType = undefined; fileEncoding = 4; includeInIndex = 0; lastKnownFileType = sourcecode.c.objc; name = SAMKeychainQuery.m; path = "cordova-plugin-secure-storage/SAMKeychainQuery.m"; sourceTree = "<group>"; };
		054EDD347D4A47999977F9D9 /* CDVFile.m */ = {isa = PBXFileReference; explicitFileType = undefined; fileEncoding = 4; includeInIndex = 0; lastKnownFileType = sourcecode.c.objc; name = CDVFile.m; path = "cordova-plugin-file/CDVFile.m"; sourceTree = "<group>"; };
		08D135F915594B78B4FA46DF /* AVFoundation.framework */ = {isa = PBXFileReference; explicitFileType = undefined; fileEncoding = 9; includeInIndex = 0; lastKnownFileType = wrapper.framework; name = AVFoundation.framework; path = System/Library/Frameworks/AVFoundation.framework; sourceTree = SDKROOT; };
		100B6C8662D043158A7D4793 /* CDVCapture.h */ = {isa = PBXFileReference; explicitFileType = undefined; fileEncoding = 4; includeInIndex = 0; lastKnownFileType = sourcecode.c.h; name = CDVCapture.h; path = "cordova-plugin-media-capture/CDVCapture.h"; sourceTree = "<group>"; };
		1CC3D8B5199246D9BEE6DE02 /* CDVInAppBrowser.h */ = {isa = PBXFileReference; explicitFileType = undefined; fileEncoding = 4; includeInIndex = 0; lastKnownFileType = sourcecode.c.h; name = CDVInAppBrowser.h; path = "cordova-plugin-inappbrowser/CDVInAppBrowser.h"; sourceTree = "<group>"; };
		1D3623240D0F684500981E51 /* AppDelegate.h */ = {isa = PBXFileReference; fileEncoding = 4; lastKnownFileType = sourcecode.c.h; path = AppDelegate.h; sourceTree = "<group>"; };
		1D3623250D0F684500981E51 /* AppDelegate.m */ = {isa = PBXFileReference; fileEncoding = 4; lastKnownFileType = sourcecode.c.objc; path = AppDelegate.m; sourceTree = "<group>"; };
		1D6058910D05DD3D006BFB54 /* Cornerstone.app */ = {isa = PBXFileReference; explicitFileType = wrapper.application; includeInIndex = 0; path = Cornerstone.app; sourceTree = BUILT_PRODUCTS_DIR; };
		24B61BCDD01141898937E417 /* APPPrinter.m */ = {isa = PBXFileReference; explicitFileType = undefined; fileEncoding = 4; includeInIndex = 0; lastKnownFileType = sourcecode.c.objc; name = APPPrinter.m; path = "cordova-plugin-printer/APPPrinter.m"; sourceTree = "<group>"; };
		29B97316FDCFA39411CA2CEA /* main.m */ = {isa = PBXFileReference; fileEncoding = 4; lastKnownFileType = sourcecode.c.objc; path = main.m; sourceTree = "<group>"; };
		2AC40EDFFAE045588FD70D4D /* SecureStorage.m */ = {isa = PBXFileReference; explicitFileType = undefined; fileEncoding = 4; includeInIndex = 0; lastKnownFileType = sourcecode.c.objc; name = SecureStorage.m; path = "cordova-plugin-secure-storage/SecureStorage.m"; sourceTree = "<group>"; };
		2D38FE2A218D49AF8448377A /* CDVFile.h */ = {isa = PBXFileReference; explicitFileType = undefined; fileEncoding = 4; includeInIndex = 0; lastKnownFileType = sourcecode.c.h; name = CDVFile.h; path = "cordova-plugin-file/CDVFile.h"; sourceTree = "<group>"; };
		301BF52D109A57CC0062928A /* CordovaLib/CordovaLib.xcodeproj */ = {isa = PBXFileReference; lastKnownFileType = "wrapper.pb-project"; path = CordovaLib/CordovaLib.xcodeproj; sourceTree = "<group>"; };
		301BF56E109A69640062928A /* www */ = {isa = PBXFileReference; lastKnownFileType = folder; path = www; sourceTree = SOURCE_ROOT; };
		302D95EE14D2391D003F00A1 /* MainViewController.h */ = {isa = PBXFileReference; fileEncoding = 4; lastKnownFileType = sourcecode.c.h; path = MainViewController.h; sourceTree = "<group>"; };
		302D95EF14D2391D003F00A1 /* MainViewController.m */ = {isa = PBXFileReference; fileEncoding = 4; lastKnownFileType = sourcecode.c.objc; path = MainViewController.m; sourceTree = "<group>"; };
		302D95F014D2391D003F00A1 /* MainViewController.xib */ = {isa = PBXFileReference; fileEncoding = 4; lastKnownFileType = file.xib; path = MainViewController.xib; sourceTree = "<group>"; };
		3047A50F1AB8059700498E2A /* build-debug.xcconfig */ = {isa = PBXFileReference; fileEncoding = 4; lastKnownFileType = text.xcconfig; name = "build-debug.xcconfig"; path = "cordova/build-debug.xcconfig"; sourceTree = SOURCE_ROOT; };
		3047A5101AB8059700498E2A /* build-release.xcconfig */ = {isa = PBXFileReference; fileEncoding = 4; lastKnownFileType = text.xcconfig; name = "build-release.xcconfig"; path = "cordova/build-release.xcconfig"; sourceTree = SOURCE_ROOT; };
		3047A5111AB8059700498E2A /* build.xcconfig */ = {isa = PBXFileReference; fileEncoding = 4; lastKnownFileType = text.xcconfig; name = build.xcconfig; path = cordova/build.xcconfig; sourceTree = SOURCE_ROOT; };
		3244F3FF91464001A2D93C95 /* CDVLocalFilesystem.h */ = {isa = PBXFileReference; explicitFileType = undefined; fileEncoding = 4; includeInIndex = 0; lastKnownFileType = sourcecode.c.h; name = CDVLocalFilesystem.h; path = "cordova-plugin-file/CDVLocalFilesystem.h"; sourceTree = "<group>"; };
		32CA4F630368D1EE00C91783 /* Cornerstone-Prefix.pch */ = {isa = PBXFileReference; fileEncoding = 4; lastKnownFileType = sourcecode.c.h; path = "Cornerstone-Prefix.pch"; sourceTree = "<group>"; };
		397D7408A7F3456AA794CD8B /* CDVExif.h */ = {isa = PBXFileReference; explicitFileType = undefined; fileEncoding = 4; includeInIndex = 0; lastKnownFileType = sourcecode.c.h; name = CDVExif.h; path = "cordova-plugin-camera/CDVExif.h"; sourceTree = "<group>"; };
		421114636ADE433D9BADCA5A /* CDVGlobalization.m */ = {isa = PBXFileReference; explicitFileType = undefined; fileEncoding = 4; includeInIndex = 0; lastKnownFileType = sourcecode.c.objc; name = CDVGlobalization.m; path = "cordova-plugin-globalization/CDVGlobalization.m"; sourceTree = "<group>"; };
		43000180F5F94101B716C071 /* CDVLogger.m */ = {isa = PBXFileReference; explicitFileType = undefined; fileEncoding = 4; includeInIndex = 0; lastKnownFileType = sourcecode.c.objc; name = CDVLogger.m; path = "cordova-plugin-console/CDVLogger.m"; sourceTree = "<group>"; };
		480C3EE864334B4DBD382650 /* CDVLocation.h */ = {isa = PBXFileReference; explicitFileType = undefined; fileEncoding = 4; includeInIndex = 0; lastKnownFileType = sourcecode.c.h; name = CDVLocation.h; path = "cordova-plugin-geolocation/CDVLocation.h"; sourceTree = "<group>"; };
		4BBF3D24B37C4F48B76E803E /* ImageIO.framework */ = {isa = PBXFileReference; explicitFileType = undefined; fileEncoding = 9; includeInIndex = 0; lastKnownFileType = wrapper.framework; name = ImageIO.framework; path = System/Library/Frameworks/ImageIO.framework; sourceTree = SDKROOT; };
		50221533FAF34665BA1D0B92 /* CDVSplashScreen.h */ = {isa = PBXFileReference; explicitFileType = undefined; fileEncoding = 4; includeInIndex = 0; lastKnownFileType = sourcecode.c.h; name = CDVSplashScreen.h; path = "cordova-plugin-splashscreen/CDVSplashScreen.h"; sourceTree = "<group>"; };
		534BF16AB2B94B5B9EBEB903 /* CDVJpegHeaderWriter.m */ = {isa = PBXFileReference; explicitFileType = undefined; fileEncoding = 4; includeInIndex = 0; lastKnownFileType = sourcecode.c.objc; name = CDVJpegHeaderWriter.m; path = "cordova-plugin-camera/CDVJpegHeaderWriter.m"; sourceTree = "<group>"; };
		54BF6B8F67CE48D99105728F /* Speech.framework */ = {isa = PBXFileReference; explicitFileType = undefined; fileEncoding = 9; includeInIndex = 0; lastKnownFileType = wrapper.framework; name = Speech.framework; path = System/Library/Frameworks/Speech.framework; sourceTree = SDKROOT; };
		57ECA6AC4C7F486C98BF788B /* CDVSound.h */ = {isa = PBXFileReference; explicitFileType = undefined; fileEncoding = 4; includeInIndex = 0; lastKnownFileType = sourcecode.c.h; name = CDVSound.h; path = "cordova-plugin-media/CDVSound.h"; sourceTree = "<group>"; };
		5885FBF5DE8E4DDEAB56690A /* CDVStatusBar.m */ = {isa = PBXFileReference; explicitFileType = undefined; fileEncoding = 4; includeInIndex = 0; lastKnownFileType = sourcecode.c.objc; name = CDVStatusBar.m; path = "cordova-plugin-statusbar/CDVStatusBar.m"; sourceTree = "<group>"; };
		59BB1398A8264526B905171A /* SAMKeychain.bundle */ = {isa = PBXFileReference; explicitFileType = undefined; fileEncoding = 9; includeInIndex = 0; lastKnownFileType = "wrapper.plug-in"; path = SAMKeychain.bundle; sourceTree = "<group>"; };
		59D253F49F614BEE8E3FF47B /* APPPrinter.h */ = {isa = PBXFileReference; explicitFileType = undefined; fileEncoding = 4; includeInIndex = 0; lastKnownFileType = sourcecode.c.h; name = APPPrinter.h; path = "cordova-plugin-printer/APPPrinter.h"; sourceTree = "<group>"; };
		5ED059E214C54723B1EFD81E /* UIImage+CropScaleOrientation.m */ = {isa = PBXFileReference; explicitFileType = undefined; fileEncoding = 4; includeInIndex = 0; lastKnownFileType = sourcecode.c.objc; name = "UIImage+CropScaleOrientation.m"; path = "cordova-plugin-camera/UIImage+CropScaleOrientation.m"; sourceTree = "<group>"; };
		5F34A1DC9516496F839CE4AD /* CDVFileTransfer.h */ = {isa = PBXFileReference; explicitFileType = undefined; fileEncoding = 4; includeInIndex = 0; lastKnownFileType = sourcecode.c.h; name = CDVFileTransfer.h; path = "cordova-plugin-file-transfer/CDVFileTransfer.h"; sourceTree = "<group>"; };
		6496C05CF9AD446DB2218164 /* CDVAssetLibraryFilesystem.m */ = {isa = PBXFileReference; explicitFileType = undefined; fileEncoding = 4; includeInIndex = 0; lastKnownFileType = sourcecode.c.objc; name = CDVAssetLibraryFilesystem.m; path = "cordova-plugin-file/CDVAssetLibraryFilesystem.m"; sourceTree = "<group>"; };
		67E124F86D6B4522ACA56BC0 /* CDVConnection.m */ = {isa = PBXFileReference; explicitFileType = undefined; fileEncoding = 4; includeInIndex = 0; lastKnownFileType = sourcecode.c.objc; name = CDVConnection.m; path = "cordova-plugin-network-information/CDVConnection.m"; sourceTree = "<group>"; };
		6AFF5BF81D6E424B00AB3073 /* CDVLaunchScreen.storyboard */ = {isa = PBXFileReference; fileEncoding = 4; lastKnownFileType = file.storyboard; name = CDVLaunchScreen.storyboard; path = Cornerstone/CDVLaunchScreen.storyboard; sourceTree = SOURCE_ROOT; };
		6FD0047A196E439096ECA8C4 /* SAMKeychain.m */ = {isa = PBXFileReference; explicitFileType = undefined; fileEncoding = 4; includeInIndex = 0; lastKnownFileType = sourcecode.c.objc; name = SAMKeychain.m; path = "cordova-plugin-secure-storage/SAMKeychain.m"; sourceTree = "<group>"; };
		725E8BEEED734B31A38A0490 /* Security.framework */ = {isa = PBXFileReference; explicitFileType = undefined; fileEncoding = 9; includeInIndex = 0; lastKnownFileType = wrapper.framework; name = Security.framework; path = System/Library/Frameworks/Security.framework; sourceTree = SDKROOT; };
		7601D43BB4034177B07FA649 /* CDVSound.m */ = {isa = PBXFileReference; explicitFileType = undefined; fileEncoding = 4; includeInIndex = 0; lastKnownFileType = sourcecode.c.objc; name = CDVSound.m; path = "cordova-plugin-media/CDVSound.m"; sourceTree = "<group>"; };
		77F36DAFA9F94172AACD4123 /* CDVViewController+SplashScreen.h */ = {isa = PBXFileReference; explicitFileType = undefined; fileEncoding = 4; includeInIndex = 0; lastKnownFileType = sourcecode.c.h; name = "CDVViewController+SplashScreen.h"; path = "cordova-plugin-splashscreen/CDVViewController+SplashScreen.h"; sourceTree = "<group>"; };
		82CBAC37811A41E981DCBC8D /* CDVCapture.m */ = {isa = PBXFileReference; explicitFileType = undefined; fileEncoding = 4; includeInIndex = 0; lastKnownFileType = sourcecode.c.objc; name = CDVCapture.m; path = "cordova-plugin-media-capture/CDVCapture.m"; sourceTree = "<group>"; };
		84801E672E304C1FA15DE50E /* CoreTelephony.framework */ = {isa = PBXFileReference; explicitFileType = undefined; fileEncoding = 9; includeInIndex = 0; lastKnownFileType = wrapper.framework; name = CoreTelephony.framework; path = System/Library/Frameworks/CoreTelephony.framework; sourceTree = SDKROOT; };
		8D1107310486CEB800E47090 /* Cornerstone-Info.plist */ = {isa = PBXFileReference; fileEncoding = 4; lastKnownFileType = text.plist.xml; name = "Cornerstone-Info.plist"; path = "Cornerstone/Cornerstone-Info.plist"; plistStructureDefinitionIdentifier = "com.apple.xcode.plist.structure-definition.iphone.info-plist"; sourceTree = SOURCE_ROOT; };
		8FC03F4FCF8A4D9491FF876A /* SpeechRecognition.h */ = {isa = PBXFileReference; explicitFileType = undefined; fileEncoding = 4; includeInIndex = 0; lastKnownFileType = sourcecode.c.h; name = SpeechRecognition.h; path = "cordova-plugin-speechrecognition/SpeechRecognition.h"; sourceTree = "<group>"; };
		927AE9C593494AFEA4C5C95B /* CDVSplashScreen.m */ = {isa = PBXFileReference; explicitFileType = undefined; fileEncoding = 4; includeInIndex = 0; lastKnownFileType = sourcecode.c.objc; name = CDVSplashScreen.m; path = "cordova-plugin-splashscreen/CDVSplashScreen.m"; sourceTree = "<group>"; };
		9662478997264C52887EB08A /* CDVCamera.h */ = {isa = PBXFileReference; explicitFileType = undefined; fileEncoding = 4; includeInIndex = 0; lastKnownFileType = sourcecode.c.h; name = CDVCamera.h; path = "cordova-plugin-camera/CDVCamera.h"; sourceTree = "<group>"; };
		9742C26806FE49548D28ECD7 /* CDVReachability.h */ = {isa = PBXFileReference; explicitFileType = undefined; fileEncoding = 4; includeInIndex = 0; lastKnownFileType = sourcecode.c.h; name = CDVReachability.h; path = "cordova-plugin-network-information/CDVReachability.h"; sourceTree = "<group>"; };
		9CAC23217CCE43CE952138F3 /* CDVStatusBar.h */ = {isa = PBXFileReference; explicitFileType = undefined; fileEncoding = 4; includeInIndex = 0; lastKnownFileType = sourcecode.c.h; name = CDVStatusBar.h; path = "cordova-plugin-statusbar/CDVStatusBar.h"; sourceTree = "<group>"; };
		9DB1C5F0F2A64EFD84A538ED /* CDVViewController+SplashScreen.m */ = {isa = PBXFileReference; explicitFileType = undefined; fileEncoding = 4; includeInIndex = 0; lastKnownFileType = sourcecode.c.objc; name = "CDVViewController+SplashScreen.m"; path = "cordova-plugin-splashscreen/CDVViewController+SplashScreen.m"; sourceTree = "<group>"; };
		A0029F0371D64FB8A724A4B1 /* CDVFileTransfer.m */ = {isa = PBXFileReference; explicitFileType = undefined; fileEncoding = 4; includeInIndex = 0; lastKnownFileType = sourcecode.c.objc; name = CDVFileTransfer.m; path = "cordova-plugin-file-transfer/CDVFileTransfer.m"; sourceTree = "<group>"; };
		AA0A4F1265D94C2FA946A5D5 /* CDVLogger.h */ = {isa = PBXFileReference; explicitFileType = undefined; fileEncoding = 4; includeInIndex = 0; lastKnownFileType = sourcecode.c.h; name = CDVLogger.h; path = "cordova-plugin-console/CDVLogger.h"; sourceTree = "<group>"; };
		B021439F646D40C8B12D3CD5 /* CDVLocation.m */ = {isa = PBXFileReference; explicitFileType = undefined; fileEncoding = 4; includeInIndex = 0; lastKnownFileType = sourcecode.c.objc; name = CDVLocation.m; path = "cordova-plugin-geolocation/CDVLocation.m"; sourceTree = "<group>"; };
		B26126563EB8459B95E6803A /* SpeechRecognition.m */ = {isa = PBXFileReference; explicitFileType = undefined; fileEncoding = 4; includeInIndex = 0; lastKnownFileType = sourcecode.c.objc; name = SpeechRecognition.m; path = "cordova-plugin-speechrecognition/SpeechRecognition.m"; sourceTree = "<group>"; };
		B4E8BC2C4A0441A0A8FCA84B /* CDVAssetLibraryFilesystem.h */ = {isa = PBXFileReference; explicitFileType = undefined; fileEncoding = 4; includeInIndex = 0; lastKnownFileType = sourcecode.c.h; name = CDVAssetLibraryFilesystem.h; path = "cordova-plugin-file/CDVAssetLibraryFilesystem.h"; sourceTree = "<group>"; };
		B68D1D03E11E40338D9F273E /* CDVCamera.m */ = {isa = PBXFileReference; explicitFileType = undefined; fileEncoding = 4; includeInIndex = 0; lastKnownFileType = sourcecode.c.objc; name = CDVCamera.m; path = "cordova-plugin-camera/CDVCamera.m"; sourceTree = "<group>"; };
		B6DA030348C24E4CBE8152EB /* CDVInAppBrowser.m */ = {isa = PBXFileReference; explicitFileType = undefined; fileEncoding = 4; includeInIndex = 0; lastKnownFileType = sourcecode.c.objc; name = CDVInAppBrowser.m; path = "cordova-plugin-inappbrowser/CDVInAppBrowser.m"; sourceTree = "<group>"; };
		BDC28B71C89E4C16918AED09 /* SAMKeychainQuery.h */ = {isa = PBXFileReference; explicitFileType = undefined; fileEncoding = 4; includeInIndex = 0; lastKnownFileType = sourcecode.c.h; name = SAMKeychainQuery.h; path = "cordova-plugin-secure-storage/SAMKeychainQuery.h"; sourceTree = "<group>"; };
		CA437B29F2F841268B2DB883 /* CDVJpegHeaderWriter.h */ = {isa = PBXFileReference; explicitFileType = undefined; fileEncoding = 4; includeInIndex = 0; lastKnownFileType = sourcecode.c.h; name = CDVJpegHeaderWriter.h; path = "cordova-plugin-camera/CDVJpegHeaderWriter.h"; sourceTree = "<group>"; };
		CB34C1A0902240B79F808290 /* SAMKeychain.h */ = {isa = PBXFileReference; explicitFileType = undefined; fileEncoding = 4; includeInIndex = 0; lastKnownFileType = sourcecode.c.h; name = SAMKeychain.h; path = "cordova-plugin-secure-storage/SAMKeychain.h"; sourceTree = "<group>"; };
		DE8E65BC679A4039AABEAA42 /* UIImage+CropScaleOrientation.h */ = {isa = PBXFileReference; explicitFileType = undefined; fileEncoding = 4; includeInIndex = 0; lastKnownFileType = sourcecode.c.h; name = "UIImage+CropScaleOrientation.h"; path = "cordova-plugin-camera/UIImage+CropScaleOrientation.h"; sourceTree = "<group>"; };
		E1B3BB97E55F408BA8219BE3 /* CDVLocalFilesystem.m */ = {isa = PBXFileReference; explicitFileType = undefined; fileEncoding = 4; includeInIndex = 0; lastKnownFileType = sourcecode.c.objc; name = CDVLocalFilesystem.m; path = "cordova-plugin-file/CDVLocalFilesystem.m"; sourceTree = "<group>"; };
		E484502F7A7E485DBD4DCA40 /* SecureStorage.h */ = {isa = PBXFileReference; explicitFileType = undefined; fileEncoding = 4; includeInIndex = 0; lastKnownFileType = sourcecode.c.h; name = SecureStorage.h; path = "cordova-plugin-secure-storage/SecureStorage.h"; sourceTree = "<group>"; };
		E75CC93B95FD425D9BE3428A /* CDVReachability.m */ = {isa = PBXFileReference; explicitFileType = undefined; fileEncoding = 4; includeInIndex = 0; lastKnownFileType = sourcecode.c.objc; name = CDVReachability.m; path = "cordova-plugin-network-information/CDVReachability.m"; sourceTree = "<group>"; };
		EB87FDF31871DA8E0020F90C /* www */ = {isa = PBXFileReference; lastKnownFileType = folder; name = www; path = ../../www; sourceTree = "<group>"; };
		EB87FDF41871DAF40020F90C /* config.xml */ = {isa = PBXFileReference; lastKnownFileType = text.xml; name = config.xml; path = ../../config.xml; sourceTree = "<group>"; };
		ED33DF2A687741AEAF9F8254 /* Bridging-Header.h */ = {isa = PBXFileReference; fileEncoding = 4; lastKnownFileType = sourcecode.c.h; path = "Bridging-Header.h"; sourceTree = "<group>"; };
		F02F1F480E5349AD99FC5D6A /* CDVGlobalization.h */ = {isa = PBXFileReference; explicitFileType = undefined; fileEncoding = 4; includeInIndex = 0; lastKnownFileType = sourcecode.c.h; name = CDVGlobalization.h; path = "cordova-plugin-globalization/CDVGlobalization.h"; sourceTree = "<group>"; };
		F4E72D54931F4CE3ABE4C469 /* CDVCapture.bundle */ = {isa = PBXFileReference; explicitFileType = undefined; fileEncoding = 9; includeInIndex = 0; lastKnownFileType = "wrapper.plug-in"; path = CDVCapture.bundle; sourceTree = "<group>"; };
		F840E1F0165FE0F500CFE078 /* config.xml */ = {isa = PBXFileReference; lastKnownFileType = text.xml; name = config.xml; path = Cornerstone/config.xml; sourceTree = "<group>"; };
		FA83DF9AA3744D719519CBC8 /* SystemConfiguration.framework */ = {isa = PBXFileReference; explicitFileType = undefined; fileEncoding = 9; includeInIndex = 0; lastKnownFileType = wrapper.framework; name = SystemConfiguration.framework; path = System/Library/Frameworks/SystemConfiguration.framework; sourceTree = SDKROOT; };
/* End PBXFileReference section */

/* Begin PBXFrameworksBuildPhase section */
		1D60588F0D05DD3D006BFB54 /* Frameworks */ = {
			isa = PBXFrameworksBuildPhase;
			buildActionMask = 2147483647;
			files = (
				301BF552109A68D80062928A /* libCordova.a in Frameworks */,
				F70B4E6886AF49739497CF25 /* ImageIO.framework in Frameworks */,
				99E36883EF4441AD99816F3B /* CoreLocation.framework in Frameworks */,
				D81C183B21404B938E2734D8 /* AVFoundation.framework in Frameworks */,
				C4639F054D5B484B9A823B4C /* SystemConfiguration.framework in Frameworks */,
				AAD6B706FD6241C2A69368CA /* CoreTelephony.framework in Frameworks */,
				FEBF2A6B486F40C590FE2960 /* Security.framework in Frameworks */,
				20DECE09E44C46DDB95948CA /* Speech.framework in Frameworks */,
			);
			runOnlyForDeploymentPostprocessing = 0;
		};
/* End PBXFrameworksBuildPhase section */

/* Begin PBXGroup section */
		080E96DDFE201D6D7F000001 /* Classes */ = {
			isa = PBXGroup;
			children = (
				302D95EE14D2391D003F00A1 /* MainViewController.h */,
				302D95EF14D2391D003F00A1 /* MainViewController.m */,
				302D95F014D2391D003F00A1 /* MainViewController.xib */,
				1D3623240D0F684500981E51 /* AppDelegate.h */,
				1D3623250D0F684500981E51 /* AppDelegate.m */,
			);
			name = Classes;
			path = Cornerstone/Classes;
			sourceTree = SOURCE_ROOT;
		};
		19C28FACFE9D520D11CA2CBB /* Products */ = {
			isa = PBXGroup;
			children = (
				1D6058910D05DD3D006BFB54 /* Cornerstone.app */,
			);
			name = Products;
			sourceTree = "<group>";
		};
		29B97314FDCFA39411CA2CEA /* CustomTemplate */ = {
			isa = PBXGroup;
			children = (
				EB87FDF41871DAF40020F90C /* config.xml */,
				EB87FDF31871DA8E0020F90C /* www */,
				EB87FDF11871DA420020F90C /* Staging */,
				301BF52D109A57CC0062928A /* CordovaLib/CordovaLib.xcodeproj */,
				080E96DDFE201D6D7F000001 /* Classes */,
				307C750510C5A3420062BCA9 /* Plugins */,
				29B97315FDCFA39411CA2CEA /* Other Sources */,
				29B97317FDCFA39411CA2CEA /* Resources */,
				29B97323FDCFA39411CA2CEA /* Frameworks */,
				19C28FACFE9D520D11CA2CBB /* Products */,
			);
			name = CustomTemplate;
			sourceTree = "<group>";
		};
		29B97315FDCFA39411CA2CEA /* Other Sources */ = {
			isa = PBXGroup;
			children = (
				32CA4F630368D1EE00C91783 /* Cornerstone-Prefix.pch */,
				29B97316FDCFA39411CA2CEA /* main.m */,
				ED33DF2A687741AEAF9F8254 /* Bridging-Header.h */,
			);
			name = "Other Sources";
			path = Cornerstone;
			sourceTree = "<group>";
		};
		29B97317FDCFA39411CA2CEA /* Resources */ = {
			isa = PBXGroup;
			children = (
				0207DA571B56EA530066E2B4 /* Images.xcassets */,
				3047A50E1AB8057F00498E2A /* config */,
				8D1107310486CEB800E47090 /* Cornerstone-Info.plist */,
				6AFF5BF81D6E424B00AB3073 /* CDVLaunchScreen.storyboard */,
				F4E72D54931F4CE3ABE4C469 /* CDVCapture.bundle */,
				59BB1398A8264526B905171A /* SAMKeychain.bundle */,
			);
			name = Resources;
			path = Cornerstone/Resources;
			sourceTree = "<group>";
		};
		29B97323FDCFA39411CA2CEA /* Frameworks */ = {
			isa = PBXGroup;
			children = (
				4BBF3D24B37C4F48B76E803E /* ImageIO.framework */,
				03A8ACEABF7143D6B67A0B18 /* CoreLocation.framework */,
				08D135F915594B78B4FA46DF /* AVFoundation.framework */,
				FA83DF9AA3744D719519CBC8 /* SystemConfiguration.framework */,
				84801E672E304C1FA15DE50E /* CoreTelephony.framework */,
				725E8BEEED734B31A38A0490 /* Security.framework */,
				54BF6B8F67CE48D99105728F /* Speech.framework */,
			);
			name = Frameworks;
			sourceTree = "<group>";
		};
		301BF52E109A57CC0062928A /* Products */ = {
			isa = PBXGroup;
			children = (
				301BF535109A57CC0062928A /* libCordova.a */,
				8416907C1F039F6F00D921B9 /* Cordova.framework */,
			);
			name = Products;
			sourceTree = "<group>";
		};
		3047A50E1AB8057F00498E2A /* config */ = {
			isa = PBXGroup;
			children = (
				3047A50F1AB8059700498E2A /* build-debug.xcconfig */,
				3047A5101AB8059700498E2A /* build-release.xcconfig */,
				3047A5111AB8059700498E2A /* build.xcconfig */,
			);
			name = config;
			sourceTree = "<group>";
		};
		307C750510C5A3420062BCA9 /* Plugins */ = {
			isa = PBXGroup;
			children = (
				5ED059E214C54723B1EFD81E /* UIImage+CropScaleOrientation.m */,
				B68D1D03E11E40338D9F273E /* CDVCamera.m */,
				534BF16AB2B94B5B9EBEB903 /* CDVJpegHeaderWriter.m */,
				DE8E65BC679A4039AABEAA42 /* UIImage+CropScaleOrientation.h */,
				9662478997264C52887EB08A /* CDVCamera.h */,
				CA437B29F2F841268B2DB883 /* CDVJpegHeaderWriter.h */,
				397D7408A7F3456AA794CD8B /* CDVExif.h */,
				43000180F5F94101B716C071 /* CDVLogger.m */,
				AA0A4F1265D94C2FA946A5D5 /* CDVLogger.h */,
				054EDD347D4A47999977F9D9 /* CDVFile.m */,
				E1B3BB97E55F408BA8219BE3 /* CDVLocalFilesystem.m */,
				6496C05CF9AD446DB2218164 /* CDVAssetLibraryFilesystem.m */,
				2D38FE2A218D49AF8448377A /* CDVFile.h */,
				3244F3FF91464001A2D93C95 /* CDVLocalFilesystem.h */,
				B4E8BC2C4A0441A0A8FCA84B /* CDVAssetLibraryFilesystem.h */,
				A0029F0371D64FB8A724A4B1 /* CDVFileTransfer.m */,
				5F34A1DC9516496F839CE4AD /* CDVFileTransfer.h */,
				B021439F646D40C8B12D3CD5 /* CDVLocation.m */,
				480C3EE864334B4DBD382650 /* CDVLocation.h */,
				421114636ADE433D9BADCA5A /* CDVGlobalization.m */,
				F02F1F480E5349AD99FC5D6A /* CDVGlobalization.h */,
				B6DA030348C24E4CBE8152EB /* CDVInAppBrowser.m */,
				1CC3D8B5199246D9BEE6DE02 /* CDVInAppBrowser.h */,
				7601D43BB4034177B07FA649 /* CDVSound.m */,
				57ECA6AC4C7F486C98BF788B /* CDVSound.h */,
				82CBAC37811A41E981DCBC8D /* CDVCapture.m */,
				100B6C8662D043158A7D4793 /* CDVCapture.h */,
				67E124F86D6B4522ACA56BC0 /* CDVConnection.m */,
				E75CC93B95FD425D9BE3428A /* CDVReachability.m */,
				03F7E113B38D4C8AB6E95732 /* CDVConnection.h */,
				9742C26806FE49548D28ECD7 /* CDVReachability.h */,
				24B61BCDD01141898937E417 /* APPPrinter.m */,
				59D253F49F614BEE8E3FF47B /* APPPrinter.h */,
				2AC40EDFFAE045588FD70D4D /* SecureStorage.m */,
				6FD0047A196E439096ECA8C4 /* SAMKeychain.m */,
				0451531364214CE0B401D6D5 /* SAMKeychainQuery.m */,
				E484502F7A7E485DBD4DCA40 /* SecureStorage.h */,
				CB34C1A0902240B79F808290 /* SAMKeychain.h */,
				BDC28B71C89E4C16918AED09 /* SAMKeychainQuery.h */,
				B26126563EB8459B95E6803A /* SpeechRecognition.m */,
				8FC03F4FCF8A4D9491FF876A /* SpeechRecognition.h */,
				927AE9C593494AFEA4C5C95B /* CDVSplashScreen.m */,
				9DB1C5F0F2A64EFD84A538ED /* CDVViewController+SplashScreen.m */,
				50221533FAF34665BA1D0B92 /* CDVSplashScreen.h */,
				77F36DAFA9F94172AACD4123 /* CDVViewController+SplashScreen.h */,
				5885FBF5DE8E4DDEAB56690A /* CDVStatusBar.m */,
				9CAC23217CCE43CE952138F3 /* CDVStatusBar.h */,
			);
			name = Plugins;
			path = Cornerstone/Plugins;
			sourceTree = SOURCE_ROOT;
		};
		EB87FDF11871DA420020F90C /* Staging */ = {
			isa = PBXGroup;
			children = (
				F840E1F0165FE0F500CFE078 /* config.xml */,
				301BF56E109A69640062928A /* www */,
			);
			name = Staging;
			sourceTree = "<group>";
		};
/* End PBXGroup section */

/* Begin PBXNativeTarget section */
		1D6058900D05DD3D006BFB54 /* Cornerstone */ = {
			isa = PBXNativeTarget;
			buildConfigurationList = 1D6058960D05DD3E006BFB54 /* Build configuration list for PBXNativeTarget "Cornerstone" */;
			buildPhases = (
				304B58A110DAC018002A0835 /* Copy www directory */,
				1D60588D0D05DD3D006BFB54 /* Resources */,
				1D60588E0D05DD3D006BFB54 /* Sources */,
				1D60588F0D05DD3D006BFB54 /* Frameworks */,
			);
			buildRules = (
			);
			dependencies = (
				301BF551109A68C00062928A /* PBXTargetDependency */,
			);
			name = Cornerstone;
			productName = Cornerstone;
			productReference = 1D6058910D05DD3D006BFB54 /* Cornerstone.app */;
			productType = "com.apple.product-type.application";
		};
/* End PBXNativeTarget section */

/* Begin PBXProject section */
		29B97313FDCFA39411CA2CEA /* Project object */ = {
			isa = PBXProject;
			attributes = {
				LastUpgradeCheck = 510;
				TargetAttributes = {
					1D6058900D05DD3D006BFB54 = {
						DevelopmentTeam = 67CT3EL4VP;
					};
				};
			};
			buildConfigurationList = C01FCF4E08A954540054247B /* Build configuration list for PBXProject "Cornerstone" */;
			compatibilityVersion = "Xcode 3.2";
			developmentRegion = English;
			hasScannedForEncodings = 1;
			knownRegions = (
				en,
			);
			mainGroup = 29B97314FDCFA39411CA2CEA /* CustomTemplate */;
			projectDirPath = "";
			projectReferences = (
				{
					ProductGroup = 301BF52E109A57CC0062928A /* Products */;
					ProjectRef = 301BF52D109A57CC0062928A /* CordovaLib/CordovaLib.xcodeproj */;
				},
			);
			projectRoot = "";
			targets = (
				1D6058900D05DD3D006BFB54 /* Cornerstone */,
			);
		};
/* End PBXProject section */

/* Begin PBXReferenceProxy section */
		301BF535109A57CC0062928A /* libCordova.a */ = {
			isa = PBXReferenceProxy;
			fileType = archive.ar;
			path = libCordova.a;
			remoteRef = 301BF534109A57CC0062928A /* PBXContainerItemProxy */;
			sourceTree = BUILT_PRODUCTS_DIR;
		};
		8416907C1F039F6F00D921B9 /* Cordova.framework */ = {
			isa = PBXReferenceProxy;
			fileType = wrapper.framework;
			path = Cordova.framework;
			remoteRef = 8416907B1F039F6F00D921B9 /* PBXContainerItemProxy */;
			sourceTree = BUILT_PRODUCTS_DIR;
		};
/* End PBXReferenceProxy section */

/* Begin PBXResourcesBuildPhase section */
		1D60588D0D05DD3D006BFB54 /* Resources */ = {
			isa = PBXResourcesBuildPhase;
			buildActionMask = 2147483647;
			files = (
				302D95F214D2391D003F00A1 /* MainViewController.xib in Resources */,
				0207DA581B56EA530066E2B4 /* Images.xcassets in Resources */,
				6AFF5BF91D6E424B00AB3073 /* CDVLaunchScreen.storyboard in Resources */,
				63B71FF64780411E9447B9CB /* CDVCapture.bundle in Resources */,
				25761C7B00D34AB2A9BE1631 /* SAMKeychain.bundle in Resources */,
			);
			runOnlyForDeploymentPostprocessing = 0;
		};
/* End PBXResourcesBuildPhase section */

/* Begin PBXShellScriptBuildPhase section */
		304B58A110DAC018002A0835 /* Copy www directory */ = {
			isa = PBXShellScriptBuildPhase;
			buildActionMask = 2147483647;
			files = (
			);
			inputPaths = (
			);
			name = "Copy www directory";
			outputPaths = (
			);
			runOnlyForDeploymentPostprocessing = 0;
			shellPath = /bin/sh;
			shellScript = "NODEJS_PATH=/usr/local/bin; NVM_NODE_PATH=~/.nvm/versions/node/`nvm version 2>/dev/null`/bin; N_NODE_PATH=`find /usr/local/n/versions/node/* -maxdepth 0 -type d 2>/dev/null | tail -1`/bin; XCODE_NODE_PATH=`xcode-select --print-path`/usr/share/xcs/Node/bin; PATH=$NODEJS_PATH:$NVM_NODE_PATH:$N_NODE_PATH:$XCODE_NODE_PATH:$PATH && node cordova/lib/copy-www-build-step.js";
			showEnvVarsInLog = 0;
		};
/* End PBXShellScriptBuildPhase section */

/* Begin PBXSourcesBuildPhase section */
		1D60588E0D05DD3D006BFB54 /* Sources */ = {
			isa = PBXSourcesBuildPhase;
			buildActionMask = 2147483647;
			files = (
				1D60589B0D05DD56006BFB54 /* main.m in Sources */,
				1D3623260D0F684500981E51 /* AppDelegate.m in Sources */,
				302D95F114D2391D003F00A1 /* MainViewController.m in Sources */,
				FBCA373758E5431BAE0F76F1 /* UIImage+CropScaleOrientation.m in Sources */,
				FCCA6A187DEB4A54BA45FCE4 /* CDVCamera.m in Sources */,
				EECB7BE5CD924012A07D8E3F /* CDVJpegHeaderWriter.m in Sources */,
				EB65BEF4783E449287989AEB /* CDVLogger.m in Sources */,
				3E009C0599DE403FA1DF2F18 /* CDVFile.m in Sources */,
				5DB068B419FC468193FA22EF /* CDVLocalFilesystem.m in Sources */,
				85A2ABD4B3D840DF9325A8D3 /* CDVAssetLibraryFilesystem.m in Sources */,
				DDAF38A476F24A3C9F99FE1F /* CDVFileTransfer.m in Sources */,
				9DE0C7A214BE486F8753EC9A /* CDVLocation.m in Sources */,
				16CFD5F7BDF54C3795AD003C /* CDVGlobalization.m in Sources */,
				9AA373A5E56A43248723B2FF /* CDVInAppBrowser.m in Sources */,
				E32ABB69F93341A88F31F83B /* CDVSound.m in Sources */,
				57AAE04A259F4AE787A7EFFB /* CDVCapture.m in Sources */,
				25AC745A0319474588CB9B0A /* CDVConnection.m in Sources */,
				EAEF5345194D4F2C9D6C383E /* CDVReachability.m in Sources */,
				F46C64F5FE804D3DBCD63F83 /* APPPrinter.m in Sources */,
				11A06EE184C44996A4249DDD /* SecureStorage.m in Sources */,
				E5EBDC4802E6436387323E4F /* SAMKeychain.m in Sources */,
				4E3310672EFF4619998F4DE6 /* SAMKeychainQuery.m in Sources */,
				AA4C314436E54923BB1AB754 /* SpeechRecognition.m in Sources */,
				114B71F0365543089BEC8559 /* CDVSplashScreen.m in Sources */,
				46CEFE8778DB4DCFB3D3B73A /* CDVViewController+SplashScreen.m in Sources */,
				4224B74E4E6549689A21279D /* CDVStatusBar.m in Sources */,
			);
			runOnlyForDeploymentPostprocessing = 0;
		};
/* End PBXSourcesBuildPhase section */

/* Begin PBXTargetDependency section */
		301BF551109A68C00062928A /* PBXTargetDependency */ = {
			isa = PBXTargetDependency;
			name = CordovaLib;
			targetProxy = 301BF550109A68C00062928A /* PBXContainerItemProxy */;
		};
/* End PBXTargetDependency section */

/* Begin XCBuildConfiguration section */
		1D6058940D05DD3E006BFB54 /* Debug */ = {
			isa = XCBuildConfiguration;
			baseConfigurationReference = 3047A50F1AB8059700498E2A /* build-debug.xcconfig */;
			buildSettings = {
				ALWAYS_SEARCH_USER_PATHS = NO;
				ASSETCATALOG_COMPILER_APPICON_NAME = AppIcon;
				ASSETCATALOG_COMPILER_LAUNCHIMAGE_NAME = LaunchImage;
				CLANG_ENABLE_MODULES = YES;
				CLANG_ENABLE_OBJC_ARC = YES;
				CODE_SIGN_ENTITLEMENTS = "";
				CODE_SIGN_IDENTITY = "iPhone Developer";
				COPY_PHASE_STRIP = NO;
				DEVELOPMENT_TEAM = 67CT3EL4VP;
				GCC_DYNAMIC_NO_PIC = NO;
				GCC_OPTIMIZATION_LEVEL = 0;
				GCC_PRECOMPILE_PREFIX_HEADER = YES;
				GCC_PREFIX_HEADER = "Cornerstone/Cornerstone-Prefix.pch";
				GCC_THUMB_SUPPORT = NO;
				GCC_VERSION = "";
				INFOPLIST_FILE = "Cornerstone/Cornerstone-Info.plist";
				IPHONEOS_DEPLOYMENT_TARGET = 9.0;
				LD_RUNPATH_SEARCH_PATHS = "@executable_path/Frameworks";
				ONLY_ACTIVE_ARCH = YES;
				PRODUCT_NAME = Cornerstone;
				SDKROOT = iphoneos11.0;
				TARGETED_DEVICE_FAMILY = 2;
			};
			name = Debug;
		};
		1D6058950D05DD3E006BFB54 /* Release */ = {
			isa = XCBuildConfiguration;
			baseConfigurationReference = 3047A5101AB8059700498E2A /* build-release.xcconfig */;
			buildSettings = {
				ALWAYS_SEARCH_USER_PATHS = NO;
				ASSETCATALOG_COMPILER_APPICON_NAME = AppIcon;
				ASSETCATALOG_COMPILER_LAUNCHIMAGE_NAME = LaunchImage;
				CLANG_ENABLE_MODULES = YES;
				CLANG_ENABLE_OBJC_ARC = YES;
				CODE_SIGN_ENTITLEMENTS = "";
				CODE_SIGN_IDENTITY = "iPhone Developer";
				COPY_PHASE_STRIP = YES;
				DEVELOPMENT_TEAM = 67CT3EL4VP;
				GCC_PRECOMPILE_PREFIX_HEADER = YES;
				GCC_PREFIX_HEADER = "Cornerstone/Cornerstone-Prefix.pch";
				GCC_THUMB_SUPPORT = NO;
				GCC_VERSION = "";
				INFOPLIST_FILE = "Cornerstone/Cornerstone-Info.plist";
				IPHONEOS_DEPLOYMENT_TARGET = 9.0;
				LD_RUNPATH_SEARCH_PATHS = "@executable_path/Frameworks";
				ONLY_ACTIVE_ARCH = YES;
				PRODUCT_NAME = Cornerstone;
				SDKROOT = iphoneos11.0;
				TARGETED_DEVICE_FAMILY = 2;
			};
			name = Release;
		};
		C01FCF4F08A954540054247B /* Debug */ = {
			isa = XCBuildConfiguration;
			baseConfigurationReference = 3047A5111AB8059700498E2A /* build.xcconfig */;
			buildSettings = {
				ASSETCATALOG_COMPILER_LAUNCHIMAGE_NAME = LaunchImage;
				CLANG_ENABLE_MODULES = YES;
				CLANG_ENABLE_OBJC_ARC = YES;
				CLANG_WARN_BOOL_CONVERSION = YES;
				CLANG_WARN_CONSTANT_CONVERSION = YES;
				CLANG_WARN_EMPTY_BODY = YES;
				CLANG_WARN_ENUM_CONVERSION = YES;
				CLANG_WARN_INT_CONVERSION = YES;
				CLANG_WARN__DUPLICATE_METHOD_MATCH = YES;
				GCC_C_LANGUAGE_STANDARD = c99;
				GCC_THUMB_SUPPORT = NO;
				GCC_VERSION = "";
				GCC_WARN_ABOUT_RETURN_TYPE = YES;
				GCC_WARN_UNDECLARED_SELECTOR = YES;
				GCC_WARN_UNINITIALIZED_AUTOS = YES;
				GCC_WARN_UNUSED_FUNCTION = YES;
				GCC_WARN_UNUSED_VARIABLE = YES;
				ONLY_ACTIVE_ARCH = YES;
				SDKROOT = iphoneos;
				SKIP_INSTALL = NO;
			};
			name = Debug;
		};
		C01FCF5008A954540054247B /* Release */ = {
			isa = XCBuildConfiguration;
			baseConfigurationReference = 3047A5111AB8059700498E2A /* build.xcconfig */;
			buildSettings = {
				ASSETCATALOG_COMPILER_LAUNCHIMAGE_NAME = LaunchImage;
				CLANG_ENABLE_MODULES = YES;
				CLANG_ENABLE_OBJC_ARC = YES;
				CLANG_WARN_BOOL_CONVERSION = YES;
				CLANG_WARN_CONSTANT_CONVERSION = YES;
				CLANG_WARN_EMPTY_BODY = YES;
				CLANG_WARN_ENUM_CONVERSION = YES;
				CLANG_WARN_INT_CONVERSION = YES;
				CLANG_WARN__DUPLICATE_METHOD_MATCH = YES;
				GCC_C_LANGUAGE_STANDARD = c99;
				GCC_THUMB_SUPPORT = NO;
				GCC_VERSION = "";
				GCC_WARN_ABOUT_RETURN_TYPE = YES;
				GCC_WARN_UNDECLARED_SELECTOR = YES;
				GCC_WARN_UNINITIALIZED_AUTOS = YES;
				GCC_WARN_UNUSED_FUNCTION = YES;
				GCC_WARN_UNUSED_VARIABLE = YES;
				SDKROOT = iphoneos;
				SKIP_INSTALL = NO;
			};
			name = Release;
		};
/* End XCBuildConfiguration section */

/* Begin XCConfigurationList section */
		1D6058960D05DD3E006BFB54 /* Build configuration list for PBXNativeTarget "Cornerstone" */ = {
			isa = XCConfigurationList;
			buildConfigurations = (
				1D6058940D05DD3E006BFB54 /* Debug */,
				1D6058950D05DD3E006BFB54 /* Release */,
			);
			defaultConfigurationIsVisible = 0;
			defaultConfigurationName = Release;
		};
		C01FCF4E08A954540054247B /* Build configuration list for PBXProject "Cornerstone" */ = {
			isa = XCConfigurationList;
			buildConfigurations = (
				C01FCF4F08A954540054247B /* Debug */,
				C01FCF5008A954540054247B /* Release */,
			);
			defaultConfigurationIsVisible = 0;
			defaultConfigurationName = Release;
		};
/* End XCConfigurationList section */
	};
	rootObject = 29B97313FDCFA39411CA2CEA /* Project object */;
}
